
Microsoft Visual Studio Solution File, Format Version 12.00
# Visual Studio Version 17
VisualStudioVersion = 17.4.33213.308
MinimumVisualStudioVersion = 10.0.40219.1
Project("{FAE04EC0-301F-11D3-BF4B-00C04F79EFBC}") = "Discord bot", "Discord bot\Discord bot.csproj", "{4738F1EE-3E7D-45FA-A509-232CB63521F8}"
EndProject
Global
	GlobalSection(SolutionConfigurationPlatforms) = preSolution
		Debug|Any CPU = Debug|Any CPU
		Release|Any CPU = Release|Any CPU
	EndGlobalSection
	GlobalSection(ProjectConfigurationPlatforms) = postSolution
		{4738F1EE-3E7D-45FA-A509-232CB63521F8}.Debug|Any CPU.ActiveCfg = Debug|Any CPU
		{4738F1EE-3E7D-45FA-A509-232CB63521F8}.Debug|Any CPU.Build.0 = Debug|Any CPU
		{4738F1EE-3E7D-45FA-A509-232CB63521F8}.Release|Any CPU.ActiveCfg = Release|Any CPU
		{4738F1EE-3E7D-45FA-A509-232CB63521F8}.Release|Any CPU.Build.0 = Release|Any CPU
	EndGlobalSection
	GlobalSection(SolutionProperties) = preSolution
		HideSolutionNode = FALSE
	EndGlobalSection
	GlobalSection(ExtensibilityGlobals) = postSolution
		SolutionGuid = {653D0EE5-5410-4D12-AF13-55A211BB9302}
	EndGlobalSection
EndGlobal
